{
  "name": "DXF_Demo",
  "lockfileVersion": 2,
  "requires": true,
  "packages": {
    "": {
      "dependencies": {
        "dxf-writer": "^1.8.0"
      }
    },
    "node_modules/dxf-writer": {
      "version": "1.8.0",
      "resolved": "https://registry.npmjs.org/dxf-writer/-/dxf-writer-1.8.0.tgz",
      "integrity": "sha512-1PeJF6ca4h9SC+hGeqYIw7i37Za14LHYblPIr2YBS+Azp26VX18GyM3AZAbghYM3bsbWt+zrzSGPeE5hTtHBig=="
    }
  },
  "dependencies": {
    "dxf-writer": {
      "version": "1.8.0",
      "resolved": "https://registry.npmjs.org/dxf-writer/-/dxf-writer-1.8.0.tgz",
      "integrity": "sha512-1PeJF6ca4h9SC+hGeqYIw7i37Za14LHYblPIr2YBS+Azp26VX18GyM3AZAbghYM3bsbWt+zrzSGPeE5hTtHBig=="
    }
  }
}
